
Microsoft Visual Studio Solution File, Format Version 12.00
# Visual Studio 15
VisualStudioVersion = 15.0.26730.16
MinimumVisualStudioVersion = 10.0.40219.1
Project("{FAE04EC0-301F-11D3-BF4B-00C04F79EFBC}") = "TrainingPortal", "TrainingPortal\TrainingPortal.csproj", "{1DA6D227-7952-4ED2-91E7-A9D119DB2A1D}"
EndProject
Project("{FAE04EC0-301F-11D3-BF4B-00C04F79EFBC}") = "TrainingPortal.Tests", "TrainingPortal.Tests\TrainingPortal.Tests.csproj", "{E0315609-9822-43D1-9F57-C25A61FB639C}"
EndProject
Project("{00D1A9C2-B5F0-4AF3-8072-F6C62B433612}") = "TrainingPortal.DataBase", "TrainingPortal.DataBase\TrainingPortal.DataBase.sqlproj", "{AEB1B41D-B559-45C8-A1EC-A4C57D4428B3}"
EndProject
Project("{FAE04EC0-301F-11D3-BF4B-00C04F79EFBC}") = "TrainingPortal.Api", "TrainingPortal.Api\TrainingPortal.Api.csproj", "{18F3B9B9-0C59-443E-BF2C-82663D1C58AA}"
EndProject
Global
	GlobalSection(SolutionConfigurationPlatforms) = preSolution
		Debug|Any CPU = Debug|Any CPU
		Release|Any CPU = Release|Any CPU
	EndGlobalSection
	GlobalSection(ProjectConfigurationPlatforms) = postSolution
		{1DA6D227-7952-4ED2-91E7-A9D119DB2A1D}.Debug|Any CPU.ActiveCfg = Debug|Any CPU
		{1DA6D227-7952-4ED2-91E7-A9D119DB2A1D}.Debug|Any CPU.Build.0 = Debug|Any CPU
		{1DA6D227-7952-4ED2-91E7-A9D119DB2A1D}.Release|Any CPU.ActiveCfg = Release|Any CPU
		{1DA6D227-7952-4ED2-91E7-A9D119DB2A1D}.Release|Any CPU.Build.0 = Release|Any CPU
		{E0315609-9822-43D1-9F57-C25A61FB639C}.Debug|Any CPU.ActiveCfg = Debug|Any CPU
		{E0315609-9822-43D1-9F57-C25A61FB639C}.Debug|Any CPU.Build.0 = Debug|Any CPU
		{E0315609-9822-43D1-9F57-C25A61FB639C}.Release|Any CPU.ActiveCfg = Release|Any CPU
		{E0315609-9822-43D1-9F57-C25A61FB639C}.Release|Any CPU.Build.0 = Release|Any CPU
		{AEB1B41D-B559-45C8-A1EC-A4C57D4428B3}.Debug|Any CPU.ActiveCfg = Debug|Any CPU
		{AEB1B41D-B559-45C8-A1EC-A4C57D4428B3}.Debug|Any CPU.Build.0 = Debug|Any CPU
		{AEB1B41D-B559-45C8-A1EC-A4C57D4428B3}.Debug|Any CPU.Deploy.0 = Debug|Any CPU
		{AEB1B41D-B559-45C8-A1EC-A4C57D4428B3}.Release|Any CPU.ActiveCfg = Release|Any CPU
		{AEB1B41D-B559-45C8-A1EC-A4C57D4428B3}.Release|Any CPU.Build.0 = Release|Any CPU
		{AEB1B41D-B559-45C8-A1EC-A4C57D4428B3}.Release|Any CPU.Deploy.0 = Release|Any CPU
		{18F3B9B9-0C59-443E-BF2C-82663D1C58AA}.Debug|Any CPU.ActiveCfg = Debug|Any CPU
		{18F3B9B9-0C59-443E-BF2C-82663D1C58AA}.Debug|Any CPU.Build.0 = Debug|Any CPU
		{18F3B9B9-0C59-443E-BF2C-82663D1C58AA}.Release|Any CPU.ActiveCfg = Release|Any CPU
		{18F3B9B9-0C59-443E-BF2C-82663D1C58AA}.Release|Any CPU.Build.0 = Release|Any CPU
	EndGlobalSection
	GlobalSection(SolutionProperties) = preSolution
		HideSolutionNode = FALSE
	EndGlobalSection
	GlobalSection(ExtensibilityGlobals) = postSolution
		SolutionGuid = {E5F6ED8E-A4BD-4F46-B467-A96C90BEF47C}
	EndGlobalSection
EndGlobal
